// !$*UTF8*$!
{
	archiveVersion = 1;
	classes = {
	};
	objectVersion = 50;
	objects = {

/* Begin PBXBuildFile section */
		2E19BAD9236F696500CDFB6E /* AppDelegate.swift in Sources */ = {isa = PBXBuildFile; fileRef = 2E19BAD8236F696500CDFB6E /* AppDelegate.swift */; };
		2E19BADB236F696500CDFB6E /* SceneDelegate.swift in Sources */ = {isa = PBXBuildFile; fileRef = 2E19BADA236F696500CDFB6E /* SceneDelegate.swift */; };
		2E19BADD236F696500CDFB6E /* ContentView.swift in Sources */ = {isa = PBXBuildFile; fileRef = 2E19BADC236F696500CDFB6E /* ContentView.swift */; };
		2E19BADF236F696500CDFB6E /* Assets.xcassets in Resources */ = {isa = PBXBuildFile; fileRef = 2E19BADE236F696500CDFB6E /* Assets.xcassets */; };
		2E19BAE2236F696500CDFB6E /* Preview Assets.xcassets in Resources */ = {isa = PBXBuildFile; fileRef = 2E19BAE1236F696500CDFB6E /* Preview Assets.xcassets */; };
		2E19BAE5236F696500CDFB6E /* LaunchScreen.storyboard in Resources */ = {isa = PBXBuildFile; fileRef = 2E19BAE3236F696500CDFB6E /* LaunchScreen.storyboard */; };
		2E19BAED236F69DE00CDFB6E /* ScannerViewController.swift in Sources */ = {isa = PBXBuildFile; fileRef = 2E19BAEC236F69DE00CDFB6E /* ScannerViewController.swift */; };
/* End PBXBuildFile section */

/* Begin PBXFileReference section */
		2E19BAD5236F696500CDFB6E /* SwiftUIScanner.app */ = {isa = PBXFileReference; explicitFileType = wrapper.application; includeInIndex = 0; path = SwiftUIScanner.app; sourceTree = BUILT_PRODUCTS_DIR; };
		2E19BAD8236F696500CDFB6E /* AppDelegate.swift */ = {isa = PBXFileReference; lastKnownFileType = sourcecode.swift; path = AppDelegate.swift; sourceTree = "<group>"; };
		2E19BADA236F696500CDFB6E /* SceneDelegate.swift */ = {isa = PBXFileReference; lastKnownFileType = sourcecode.swift; path = SceneDelegate.swift; sourceTree = "<group>"; };
		2E19BADC236F696500CDFB6E /* ContentView.swift */ = {isa = PBXFileReference; lastKnownFileType = sourcecode.swift; path = ContentView.swift; sourceTree = "<group>"; };
		2E19BADE236F696500CDFB6E /* Assets.xcassets */ = {isa = PBXFileReference; lastKnownFileType = folder.assetcatalog; path = Assets.xcassets; sourceTree = "<group>"; };
		2E19BAE1236F696500CDFB6E /* Preview Assets.xcassets */ = {isa = PBXFileReference; lastKnownFileType = folder.assetcatalog; path = "Preview Assets.xcassets"; sourceTree = "<group>"; };
		2E19BAE4236F696500CDFB6E /* Base */ = {isa = PBXFileReference; lastKnownFileType = file.storyboard; name = Base; path = Base.lproj/LaunchScreen.storyboard; sourceTree = "<group>"; };
		2E19BAE6236F696500CDFB6E /* Info.plist */ = {isa = PBXFileReference; lastKnownFileType = text.plist.xml; path = Info.plist; sourceTree = "<group>"; };
		2E19BAEC236F69DE00CDFB6E /* ScannerViewController.swift */ = {isa = PBXFileReference; lastKnownFileType = sourcecode.swift; path = ScannerViewController.swift; sourceTree = "<group>"; };
/* End PBXFileReference section */

/* Begin PBXFrameworksBuildPhase section */
		2E19BAD2236F696500CDFB6E /* Frameworks */ = {
			isa = PBXFrameworksBuildPhase;
			buildActionMask = 2147483647;
			files = (
			);
			runOnlyForDeploymentPostprocessing = 0;
		};
/* End PBXFrameworksBuildPhase section */

/* Begin PBXGroup section */
		2E19BACC236F696500CDFB6E = {
			isa = PBXGroup;
			children = (
				2E19BAD7236F696500CDFB6E /* SwiftUIScanner */,
				2E19BAD6236F696500CDFB6E /* Products */,
			);
			sourceTree = "<group>";
		};
		2E19BAD6236F696500CDFB6E /* Products */ = {
			isa = PBXGroup;
			children = (
				2E19BAD5236F696500CDFB6E /* SwiftUIScanner.app */,
			);
			name = Products;
			sourceTree = "<group>";
		};
		2E19BAD7236F696500CDFB6E /* SwiftUIScanner */ = {
			isa = PBXGroup;
			children = (
				2E19BAD8236F696500CDFB6E /* AppDelegate.swift */,
				2E19BADA236F696500CDFB6E /* SceneDelegate.swift */,
				2E19BADC236F696500CDFB6E /* ContentView.swift */,
				2E19BADE236F696500CDFB6E /* Assets.xcassets */,
				2E19BAE3236F696500CDFB6E /* LaunchScreen.storyboard */,
				2E19BAE6236F696500CDFB6E /* Info.plist */,
				2E19BAE0236F696500CDFB6E /* Preview Content */,
				2E19BAEC236F69DE00CDFB6E /* ScannerViewController.swift */,
			);
			path = SwiftUIScanner;
			sourceTree = "<group>";
		};
		2E19BAE0236F696500CDFB6E /* Preview Content */ = {
			isa = PBXGroup;
			children = (
				2E19BAE1236F696500CDFB6E /* Preview Assets.xcassets */,
			);
			path = "Preview Content";
			sourceTree = "<group>";
		};
/* End PBXGroup section */

/* Begin PBXNativeTarget section */
		2E19BAD4236F696500CDFB6E /* SwiftUIScanner */ = {
			isa = PBXNativeTarget;
			buildConfigurationList = 2E19BAE9236F696500CDFB6E /* Build configuration list for PBXNativeTarget "SwiftUIScanner" */;
			buildPhases = (
				2E19BAD1236F696500CDFB6E /* Sources */,
				2E19BAD2236F696500CDFB6E /* Frameworks */,
				2E19BAD3236F696500CDFB6E /* Resources */,
			);
			buildRules = (
			);
			dependencies = (
			);
			name = SwiftUIScanner;
			productName = SwiftUIScanner;
			productReference = 2E19BAD5236F696500CDFB6E /* SwiftUIScanner.app */;
			productType = "com.apple.product-type.application";
		};
/* End PBXNativeTarget section */

/* Begin PBXProject section */
		2E19BACD236F696500CDFB6E /* Project object */ = {
			isa = PBXProject;
			attributes = {
				LastSwiftUpdateCheck = 1120;
				LastUpgradeCheck = 1120;
				ORGANIZATIONNAME = "Tim Owings";
				TargetAttributes = {
					2E19BAD4236F696500CDFB6E = {
						CreatedOnToolsVersion = 11.2;
					};
				};
			};
			buildConfigurationList = 2E19BAD0236F696500CDFB6E /* Build configuration list for PBXProject "SwiftUIScanner" */;
			compatibilityVersion = "Xcode 9.3";
			developmentRegion = en;
			hasScannedForEncodings = 0;
			knownRegions = (
				en,
				Base,
			);
			mainGroup = 2E19BACC236F696500CDFB6E;
			productRefGroup = 2E19BAD6236F696500CDFB6E /* Products */;
			projectDirPath = "";
			projectRoot = "";
			targets = (
				2E19BAD4236F696500CDFB6E /* SwiftUIScanner */,
			);
		};
/* End PBXProject section */

/* Begin PBXResourcesBuildPhase section */
		2E19BAD3236F696500CDFB6E /* Resources */ = {
			isa = PBXResourcesBuildPhase;
			buildActionMask = 2147483647;
			files = (
				2E19BAE5236F696500CDFB6E /* LaunchScreen.storyboard in Resources */,
				2E19BAE2236F696500CDFB6E /* Preview Assets.xcassets in Resources */,
				2E19BADF236F696500CDFB6E /* Assets.xcassets in Resources */,
			);
			runOnlyForDeploymentPostprocessing = 0;
		};
/* End PBXResourcesBuildPhase section */

/* Begin PBXSourcesBuildPhase section */
		2E19BAD1236F696500CDFB6E /* Sources */ = {
			isa = PBXSourcesBuildPhase;
			buildActionMask = 2147483647;
			files = (
				2E19BAD9236F696500CDFB6E /* AppDelegate.swift in Sources */,
				2E19BADB236F696500CDFB6E /* SceneDelegate.swift in Sources */,
				2E19BADD236F696500CDFB6E /* ContentView.swift in Sources */,
				2E19BAED236F69DE00CDFB6E /* ScannerViewController.swift in Sources */,
			);
			runOnlyForDeploymentPostprocessing = 0;
		};
/* End PBXSourcesBuildPhase section */

/* Begin PBXVariantGroup section */
		2E19BAE3236F696500CDFB6E /* LaunchScreen.storyboard */ = {
			isa = PBXVariantGroup;
			children = (
				2E19BAE4236F696500CDFB6E /* Base */,
			);
			name = LaunchScreen.storyboard;
			sourceTree = "<group>";
		};
/* End PBXVariantGroup section */

/* Begin XCBuildConfiguration section */
		2E19BAE7236F696500CDFB6E /* Debug */ = {
			isa = XCBuildConfiguration;
			buildSettings = {
				ALWAYS_SEARCH_USER_PATHS = NO;
				CLANG_ANALYZER_NONNULL = YES;
				CLANG_ANALYZER_NUMBER_OBJECT_CONVERSION = YES_AGGRESSIVE;
				CLANG_CXX_LANGUAGE_STANDARD = "gnu++14";
				CLANG_CXX_LIBRARY = "libc++";
				CLANG_ENABLE_MODULES = YES;
				CLANG_ENABLE_OBJC_ARC = YES;
				CLANG_ENABLE_OBJC_WEAK = YES;
				CLANG_WARN_BLOCK_CAPTURE_AUTORELEASING = YES;
				CLANG_WARN_BOOL_CONVERSION = YES;
				CLANG_WARN_COMMA = YES;
				CLANG_WARN_CONSTANT_CONVERSION = YES;
				CLANG_WARN_DEPRECATED_OBJC_IMPLEMENTATIONS = YES;
				CLANG_WARN_DIRECT_OBJC_ISA_USAGE = YES_ERROR;
				CLANG_WARN_DOCUMENTATION_COMMENTS = YES;
				CLANG_WARN_EMPTY_BODY = YES;
				CLANG_WARN_ENUM_CONVERSION = YES;
				CLANG_WARN_INFINITE_RECURSION = YES;
				CLANG_WARN_INT_CONVERSION = YES;
				CLANG_WARN_NON_LITERAL_NULL_CONVERSION = YES;
				CLANG_WARN_OBJC_IMPLICIT_RETAIN_SELF = YES;
				CLANG_WARN_OBJC_LITERAL_CONVERSION = YES;
				CLANG_WARN_OBJC_ROOT_CLASS = YES_ERROR;
				CLANG_WARN_RANGE_LOOP_ANALYSIS = YES;
				CLANG_WARN_STRICT_PROTOTYPES = YES;
				CLANG_WARN_SUSPICIOUS_MOVE = YES;
				CLANG_WARN_UNGUARDED_AVAILABILITY = YES_AGGRESSIVE;
				CLANG_WARN_UNREACHABLE_CODE = YES;
				CLANG_WARN__DUPLICATE_METHOD_MATCH = YES;
				COPY_PHASE_STRIP = NO;
				DEBUG_INFORMATION_FORMAT = dwarf;
				ENABLE_STRICT_OBJC_MSGSEND = YES;
				ENABLE_TESTABILITY = YES;
				GCC_C_LANGUAGE_STANDARD = gnu11;
				GCC_DYNAMIC_NO_PIC = NO;
				GCC_NO_COMMON_BLOCKS = YES;
				GCC_OPTIMIZATION_LEVEL = 0;
				GCC_PREPROCESSOR_DEFINITIONS = (
					"DEBUG=1",
					"$(inherited)",
				);
				GCC_WARN_64_TO_32_BIT_CONVERSION = YES;
				GCC_WARN_ABOUT_RETURN_TYPE = YES_ERROR;
				GCC_WARN_UNDECLARED_SELECTOR = YES;
				GCC_WARN_UNINITIALIZED_AUTOS = YES_AGGRESSIVE;
				GCC_WARN_UNUSED_FUNCTION = YES;
				GCC_WARN_UNUSED_VARIABLE = YES;
				IPHONEOS_DEPLOYMENT_TARGET = 13.2;
				MTL_ENABLE_DEBUG_INFO = INCLUDE_SOURCE;
				MTL_FAST_MATH = YES;
				ONLY_ACTIVE_ARCH = YES;
				SDKROOT = iphoneos;
				SWIFT_ACTIVE_COMPILATION_CONDITIONS = DEBUG;
				SWIFT_OPTIMIZATION_LEVEL = "-Onone";
			};
			name = Debug;
		};
		2E19BAE8236F696500CDFB6E /* Release */ = {
			isa = XCBuildConfiguration;
			buildSettings = {
				ALWAYS_SEARCH_USER_PATHS = NO;
				CLANG_ANALYZER_NONNULL = YES;
				CLANG_ANALYZER_NUMBER_OBJECT_CONVERSION = YES_AGGRESSIVE;
				CLANG_CXX_LANGUAGE_STANDARD = "gnu++14";
				CLANG_CXX_LIBRARY = "libc++";
				CLANG_ENABLE_MODULES = YES;
				CLANG_ENABLE_OBJC_ARC = YES;
				CLANG_ENABLE_OBJC_WEAK = YES;
				CLANG_WARN_BLOCK_CAPTURE_AUTORELEASING = YES;
				CLANG_WARN_BOOL_CONVERSION = YES;
				CLANG_WARN_COMMA = YES;
				CLANG_WARN_CONSTANT_CONVERSION = YES;
				CLANG_WARN_DEPRECATED_OBJC_IMPLEMENTATIONS = YES;
				CLANG_WARN_DIRECT_OBJC_ISA_USAGE = YES_ERROR;
				CLANG_WARN_DOCUMENTATION_COMMENTS = YES;
				CLANG_WARN_EMPTY_BODY = YES;
				CLANG_WARN_ENUM_CONVERSION = YES;
				CLANG_WARN_INFINITE_RECURSION = YES;
				CLANG_WARN_INT_CONVERSION = YES;
				CLANG_WARN_NON_LITERAL_NULL_CONVERSION = YES;
				CLANG_WARN_OBJC_IMPLICIT_RETAIN_SELF = YES;
				CLANG_WARN_OBJC_LITERAL_CONVERSION = YES;
				CLANG_WARN_OBJC_ROOT_CLASS = YES_ERROR;
				CLANG_WARN_RANGE_LOOP_ANALYSIS = YES;
				CLANG_WARN_STRICT_PROTOTYPES = YES;
				CLANG_WARN_SUSPICIOUS_MOVE = YES;
				CLANG_WARN_UNGUARDED_AVAILABILITY = YES_AGGRESSIVE;
				CLANG_WARN_UNREACHABLE_CODE = YES;
				CLANG_WARN__DUPLICATE_METHOD_MATCH = YES;
				COPY_PHASE_STRIP = NO;
				DEBUG_INFORMATION_FORMAT = "dwarf-with-dsym";
				ENABLE_NS_ASSERTIONS = NO;
				ENABLE_STRICT_OBJC_MSGSEND = YES;
				GCC_C_LANGUAGE_STANDARD = gnu11;
				GCC_NO_COMMON_BLOCKS = YES;
				GCC_WARN_64_TO_32_BIT_CONVERSION = YES;
				GCC_WARN_ABOUT_RETURN_TYPE = YES_ERROR;
				GCC_WARN_UNDECLARED_SELECTOR = YES;
				GCC_WARN_UNINITIALIZED_AUTOS = YES_AGGRESSIVE;
				GCC_WARN_UNUSED_FUNCTION = YES;
				GCC_WARN_UNUSED_VARIABLE = YES;
				IPHONEOS_DEPLOYMENT_TARGET = 13.2;
				MTL_ENABLE_DEBUG_INFO = NO;
				MTL_FAST_MATH = YES;
				SDKROOT = iphoneos;
				SWIFT_COMPILATION_MODE = wholemodule;
				SWIFT_OPTIMIZATION_LEVEL = "-O";
				VALIDATE_PRODUCT = YES;
			};
			name = Release;
		};
		2E19BAEA236F696500CDFB6E /* Debug */ = {
			isa = XCBuildConfiguration;
			buildSettings = {
				ASSETCATALOG_COMPILER_APPICON_NAME = AppIcon;
				CODE_SIGN_STYLE = Automatic;
				DEVELOPMENT_ASSET_PATHS = "\"SwiftUIScanner/Preview Content\"";
				DEVELOPMENT_TEAM = GM6YU587BZ;
				ENABLE_PREVIEWS = YES;
				INFOPLIST_FILE = SwiftUIScanner/Info.plist;
				LD_RUNPATH_SEARCH_PATHS = (
					"$(inherited)",
					"@executable_path/Frameworks",
				);
				PRODUCT_BUNDLE_IDENTIFIER = com.javajoe.SwiftUIScanner;
				PRODUCT_NAME = "$(TARGET_NAME)";
				SWIFT_VERSION = 5.0;
				TARGETED_DEVICE_FAMILY = "1,2";
			};
			name = Debug;
		};
		2E19BAEB236F696500CDFB6E /* Release */ = {
			isa = XCBuildConfiguration;
			buildSettings = {
				ASSETCATALOG_COMPILER_APPICON_NAME = AppIcon;
				CODE_SIGN_STYLE = Automatic;
				DEVELOPMENT_ASSET_PATHS = "\"SwiftUIScanner/Preview Content\"";
				DEVELOPMENT_TEAM = GM6YU587BZ;
				ENABLE_PREVIEWS = YES;
				INFOPLIST_FILE = SwiftUIScanner/Info.plist;
				LD_RUNPATH_SEARCH_PATHS = (
					"$(inherited)",
					"@executable_path/Frameworks",
				);
				PRODUCT_BUNDLE_IDENTIFIER = com.javajoe.SwiftUIScanner;
				PRODUCT_NAME = "$(TARGET_NAME)";
				SWIFT_VERSION = 5.0;
				TARGETED_DEVICE_FAMILY = "1,2";
			};
			name = Release;
		};
/* End XCBuildConfiguration section */

/* Begin XCConfigurationList section */
		2E19BAD0236F696500CDFB6E /* Build configuration list for PBXProject "SwiftUIScanner" */ = {
			isa = XCConfigurationList;
			buildConfigurations = (
				2E19BAE7236F696500CDFB6E /* Debug */,
				2E19BAE8236F696500CDFB6E /* Release */,
			);
			defaultConfigurationIsVisible = 0;
			defaultConfigurationName = Release;
		};
		2E19BAE9236F696500CDFB6E /* Build configuration list for PBXNativeTarget "SwiftUIScanner" */ = {
			isa = XCConfigurationList;
			buildConfigurations = (
				2E19BAEA236F696500CDFB6E /* Debug */,
				2E19BAEB236F696500CDFB6E /* Release */,
			);
			defaultConfigurationIsVisible = 0;
			defaultConfigurationName = Release;
		};
/* End XCConfigurationList section */
	};
	rootObject = 2E19BACD236F696500CDFB6E /* Project object */;
}
